PODS:
  - InputBarAccessoryView (4.2.2)
  - MBProgressHUD (1.2.0)
  - MessageInputBar (0.4.1):
    - MessageInputBar/Core (= 0.4.1)
  - MessageInputBar/Core (0.4.1)
  - MessageKit (3.0.0):
    - InputBarAccessoryView (~> 4.2.2)
  - SDWebImage (5.15.0):
    - SDWebImage/Core (= 5.15.0)
  - SDWebImage/Core (5.15.0)
  - SportsTalk247 (1.7.2)
  - Toast-Swift (5.0.1)

DEPENDENCIES:
  - InputBarAccessoryView (= 4.2.2)
  - MBProgressHUD
  - MessageInputBar
  - MessageKit (~> 3.0.0)
  - SDWebImage (~> 5.0)
  - SportsTalk247 (from `https://gitlab.com/sportstalk247/sdk-ios-swift.git`, tag `1.7.3`)
  - Toast-Swift (~> 5.0.1)

SPEC REPOS:
  trunk:
    - InputBarAccessoryView
    - MBProgressHUD
    - MessageInputBar
    - MessageKit
    - SDWebImage
    - Toast-Swift

EXTERNAL SOURCES:
  SportsTalk247:
    :git: https://gitlab.com/sportstalk247/sdk-ios-swift.git
    :tag: 1.7.3

CHECKOUT OPTIONS:
  SportsTalk247:
    :git: https://gitlab.com/sportstalk247/sdk-ios-swift.git
    :tag: 1.7.3

SPEC CHECKSUMS:
  InputBarAccessoryView: 2b937602598e2fab3149f37f51dd7ad795653812
  MBProgressHUD: 3ee5efcc380f6a79a7cc9b363dd669c5e1ae7406
  MessageInputBar: e81c7535347f1f7b923de7080409a535a004b6e4
  MessageKit: e892a9ca49ebe6d82684d3a93ad84021fa23e2c6
  SDWebImage: 9bec4c5cdd9579e1f57104735ee0c37df274d593
  SportsTalk247: 5d46fbc4bd27cb289abde51f2d21cf04e8a233c8
  Toast-Swift: 9b6a70f28b3bf0b96c40d46c0c4b9d6639846711

PODFILE CHECKSUM: 25b2ff77cd263da8afbf745c5e984dd9300338de

COCOAPODS: 1.11.3
