PODS:
  - SportsTalk_iOS_SDK (0.0.1)

DEPENDENCIES:
  - SportsTalk_iOS_SDK (from `https://gitlab.com/sportstalk247/sdk-ios-swift.git`)

EXTERNAL SOURCES:
  SportsTalk_iOS_SDK:
    :git: https://gitlab.com/sportstalk247/sdk-ios-swift.git

CHECKOUT OPTIONS:
  SportsTalk_iOS_SDK:
    :commit: f0cc026ff981a519ad40acf3c6a4a617bbd7350a
    :git: https://gitlab.com/sportstalk247/sdk-ios-swift.git

SPEC CHECKSUMS:
  SportsTalk_iOS_SDK: 85c7a883b8458b0eca53f927ab6d648b238fdeb1

PODFILE CHECKSUM: 4fbbced60d15c5cdc860c613f036bc5a9e8afd07

COCOAPODS: 1.9.1
