// !$*UTF8*$!
{
	archiveVersion = 1;
	classes = {
	};
	objectVersion = 50;
	objects = {

/* Begin PBXBuildFile section */
		80DFE7EE23FBBA3300CA98F3 /* AppDelegate.swift in Sources */ = {isa = PBXBuildFile; fileRef = 80DFE7ED23FBBA3300CA98F3 /* AppDelegate.swift */; };
		80DFE7F023FBBA3300CA98F3 /* SceneDelegate.swift in Sources */ = {isa = PBXBuildFile; fileRef = 80DFE7EF23FBBA3300CA98F3 /* SceneDelegate.swift */; };
		80DFE7F223FBBA3300CA98F3 /* ViewController.swift in Sources */ = {isa = PBXBuildFile; fileRef = 80DFE7F123FBBA3300CA98F3 /* ViewController.swift */; };
		80DFE7F523FBBA3300CA98F3 /* Main.storyboard in Resources */ = {isa = PBXBuildFile; fileRef = 80DFE7F323FBBA3300CA98F3 /* Main.storyboard */; };
		80DFE7F723FBBA3500CA98F3 /* Assets.xcassets in Resources */ = {isa = PBXBuildFile; fileRef = 80DFE7F623FBBA3500CA98F3 /* Assets.xcassets */; };
		80DFE7FA23FBBA3500CA98F3 /* LaunchScreen.storyboard in Resources */ = {isa = PBXBuildFile; fileRef = 80DFE7F823FBBA3500CA98F3 /* LaunchScreen.storyboard */; };
/* End PBXBuildFile section */

/* Begin PBXFileReference section */
		80DFE7EA23FBBA3300CA98F3 /* SportsTask_iOS_Sdk_Demo.app */ = {isa = PBXFileReference; explicitFileType = wrapper.application; includeInIndex = 0; path = SportsTask_iOS_Sdk_Demo.app; sourceTree = BUILT_PRODUCTS_DIR; };
		80DFE7ED23FBBA3300CA98F3 /* AppDelegate.swift */ = {isa = PBXFileReference; lastKnownFileType = sourcecode.swift; path = AppDelegate.swift; sourceTree = "<group>"; };
		80DFE7EF23FBBA3300CA98F3 /* SceneDelegate.swift */ = {isa = PBXFileReference; lastKnownFileType = sourcecode.swift; path = SceneDelegate.swift; sourceTree = "<group>"; };
		80DFE7F123FBBA3300CA98F3 /* ViewController.swift */ = {isa = PBXFileReference; lastKnownFileType = sourcecode.swift; path = ViewController.swift; sourceTree = "<group>"; };
		80DFE7F423FBBA3300CA98F3 /* Base */ = {isa = PBXFileReference; lastKnownFileType = file.storyboard; name = Base; path = Base.lproj/Main.storyboard; sourceTree = "<group>"; };
		80DFE7F623FBBA3500CA98F3 /* Assets.xcassets */ = {isa = PBXFileReference; lastKnownFileType = folder.assetcatalog; path = Assets.xcassets; sourceTree = "<group>"; };
		80DFE7F923FBBA3500CA98F3 /* Base */ = {isa = PBXFileReference; lastKnownFileType = file.storyboard; name = Base; path = Base.lproj/LaunchScreen.storyboard; sourceTree = "<group>"; };
		80DFE7FB23FBBA3500CA98F3 /* Info.plist */ = {isa = PBXFileReference; lastKnownFileType = text.plist.xml; path = Info.plist; sourceTree = "<group>"; };
/* End PBXFileReference section */

/* Begin PBXFrameworksBuildPhase section */
		80DFE7E723FBBA3300CA98F3 /* Frameworks */ = {
			isa = PBXFrameworksBuildPhase;
			buildActionMask = 2147483647;
			files = (
			);
			runOnlyForDeploymentPostprocessing = 0;
		};
/* End PBXFrameworksBuildPhase section */

/* Begin PBXGroup section */
		80DFE7E123FBBA3300CA98F3 = {
			isa = PBXGroup;
			children = (
				80DFE7EC23FBBA3300CA98F3 /* SportsTask_iOS_Sdk_Demo */,
				80DFE7EB23FBBA3300CA98F3 /* Products */,
			);
			sourceTree = "<group>";
		};
		80DFE7EB23FBBA3300CA98F3 /* Products */ = {
			isa = PBXGroup;
			children = (
				80DFE7EA23FBBA3300CA98F3 /* SportsTask_iOS_Sdk_Demo.app */,
			);
			name = Products;
			sourceTree = "<group>";
		};
		80DFE7EC23FBBA3300CA98F3 /* SportsTask_iOS_Sdk_Demo */ = {
			isa = PBXGroup;
			children = (
				80DFE7ED23FBBA3300CA98F3 /* AppDelegate.swift */,
				80DFE7EF23FBBA3300CA98F3 /* SceneDelegate.swift */,
				80DFE7F123FBBA3300CA98F3 /* ViewController.swift */,
				80DFE7F323FBBA3300CA98F3 /* Main.storyboard */,
				80DFE7F623FBBA3500CA98F3 /* Assets.xcassets */,
				80DFE7F823FBBA3500CA98F3 /* LaunchScreen.storyboard */,
				80DFE7FB23FBBA3500CA98F3 /* Info.plist */,
			);
			path = SportsTask_iOS_Sdk_Demo;
			sourceTree = "<group>";
		};
/* End PBXGroup section */

/* Begin PBXNativeTarget section */
		80DFE7E923FBBA3300CA98F3 /* SportsTask_iOS_Sdk_Demo */ = {
			isa = PBXNativeTarget;
			buildConfigurationList = 80DFE7FE23FBBA3500CA98F3 /* Build configuration list for PBXNativeTarget "SportsTask_iOS_Sdk_Demo" */;
			buildPhases = (
				80DFE7E623FBBA3300CA98F3 /* Sources */,
				80DFE7E723FBBA3300CA98F3 /* Frameworks */,
				80DFE7E823FBBA3300CA98F3 /* Resources */,
			);
			buildRules = (
			);
			dependencies = (
			);
			name = SportsTask_iOS_Sdk_Demo;
			productName = SportsTask_iOS_Sdk_Demo;
			productReference = 80DFE7EA23FBBA3300CA98F3 /* SportsTask_iOS_Sdk_Demo.app */;
			productType = "com.apple.product-type.application";
		};
/* End PBXNativeTarget section */

/* Begin PBXProject section */
		80DFE7E223FBBA3300CA98F3 /* Project object */ = {
			isa = PBXProject;
			attributes = {
				LastSwiftUpdateCheck = 1130;
				LastUpgradeCheck = 1130;
				ORGANIZATIONNAME = krishna41;
				TargetAttributes = {
					80DFE7E923FBBA3300CA98F3 = {
						CreatedOnToolsVersion = 11.3;
					};
				};
			};
			buildConfigurationList = 80DFE7E523FBBA3300CA98F3 /* Build configuration list for PBXProject "SportsTask_iOS_Sdk_Demo" */;
			compatibilityVersion = "Xcode 9.3";
			developmentRegion = en;
			hasScannedForEncodings = 0;
			knownRegions = (
				en,
				Base,
			);
			mainGroup = 80DFE7E123FBBA3300CA98F3;
			productRefGroup = 80DFE7EB23FBBA3300CA98F3 /* Products */;
			projectDirPath = "";
			projectRoot = "";
			targets = (
				80DFE7E923FBBA3300CA98F3 /* SportsTask_iOS_Sdk_Demo */,
			);
		};
/* End PBXProject section */

/* Begin PBXResourcesBuildPhase section */
		80DFE7E823FBBA3300CA98F3 /* Resources */ = {
			isa = PBXResourcesBuildPhase;
			buildActionMask = 2147483647;
			files = (
				80DFE7FA23FBBA3500CA98F3 /* LaunchScreen.storyboard in Resources */,
				80DFE7F723FBBA3500CA98F3 /* Assets.xcassets in Resources */,
				80DFE7F523FBBA3300CA98F3 /* Main.storyboard in Resources */,
			);
			runOnlyForDeploymentPostprocessing = 0;
		};
/* End PBXResourcesBuildPhase section */

/* Begin PBXSourcesBuildPhase section */
		80DFE7E623FBBA3300CA98F3 /* Sources */ = {
			isa = PBXSourcesBuildPhase;
			buildActionMask = 2147483647;
			files = (
				80DFE7F223FBBA3300CA98F3 /* ViewController.swift in Sources */,
				80DFE7EE23FBBA3300CA98F3 /* AppDelegate.swift in Sources */,
				80DFE7F023FBBA3300CA98F3 /* SceneDelegate.swift in Sources */,
			);
			runOnlyForDeploymentPostprocessing = 0;
		};
/* End PBXSourcesBuildPhase section */

/* Begin PBXVariantGroup section */
		80DFE7F323FBBA3300CA98F3 /* Main.storyboard */ = {
			isa = PBXVariantGroup;
			children = (
				80DFE7F423FBBA3300CA98F3 /* Base */,
			);
			name = Main.storyboard;
			sourceTree = "<group>";
		};
		80DFE7F823FBBA3500CA98F3 /* LaunchScreen.storyboard */ = {
			isa = PBXVariantGroup;
			children = (
				80DFE7F923FBBA3500CA98F3 /* Base */,
			);
			name = LaunchScreen.storyboard;
			sourceTree = "<group>";
		};
/* End PBXVariantGroup section */

/* Begin XCBuildConfiguration section */
		80DFE7FC23FBBA3500CA98F3 /* Debug */ = {
			isa = XCBuildConfiguration;
			buildSettings = {
				ALWAYS_SEARCH_USER_PATHS = NO;
				CLANG_ANALYZER_NONNULL = YES;
				CLANG_ANALYZER_NUMBER_OBJECT_CONVERSION = YES_AGGRESSIVE;
				CLANG_CXX_LANGUAGE_STANDARD = "gnu++14";
				CLANG_CXX_LIBRARY = "libc++";
				CLANG_ENABLE_MODULES = YES;
				CLANG_ENABLE_OBJC_ARC = YES;
				CLANG_ENABLE_OBJC_WEAK = YES;
				CLANG_WARN_BLOCK_CAPTURE_AUTORELEASING = YES;
				CLANG_WARN_BOOL_CONVERSION = YES;
				CLANG_WARN_COMMA = YES;
				CLANG_WARN_CONSTANT_CONVERSION = YES;
				CLANG_WARN_DEPRECATED_OBJC_IMPLEMENTATIONS = YES;
				CLANG_WARN_DIRECT_OBJC_ISA_USAGE = YES_ERROR;
				CLANG_WARN_DOCUMENTATION_COMMENTS = YES;
				CLANG_WARN_EMPTY_BODY = YES;
				CLANG_WARN_ENUM_CONVERSION = YES;
				CLANG_WARN_INFINITE_RECURSION = YES;
				CLANG_WARN_INT_CONVERSION = YES;
				CLANG_WARN_NON_LITERAL_NULL_CONVERSION = YES;
				CLANG_WARN_OBJC_IMPLICIT_RETAIN_SELF = YES;
				CLANG_WARN_OBJC_LITERAL_CONVERSION = YES;
				CLANG_WARN_OBJC_ROOT_CLASS = YES_ERROR;
				CLANG_WARN_RANGE_LOOP_ANALYSIS = YES;
				CLANG_WARN_STRICT_PROTOTYPES = YES;
				CLANG_WARN_SUSPICIOUS_MOVE = YES;
				CLANG_WARN_UNGUARDED_AVAILABILITY = YES_AGGRESSIVE;
				CLANG_WARN_UNREACHABLE_CODE = YES;
				CLANG_WARN__DUPLICATE_METHOD_MATCH = YES;
				COPY_PHASE_STRIP = NO;
				DEBUG_INFORMATION_FORMAT = dwarf;
				ENABLE_STRICT_OBJC_MSGSEND = YES;
				ENABLE_TESTABILITY = YES;
				GCC_C_LANGUAGE_STANDARD = gnu11;
				GCC_DYNAMIC_NO_PIC = NO;
				GCC_NO_COMMON_BLOCKS = YES;
				GCC_OPTIMIZATION_LEVEL = 0;
				GCC_PREPROCESSOR_DEFINITIONS = (
					"DEBUG=1",
					"$(inherited)",
				);
				GCC_WARN_64_TO_32_BIT_CONVERSION = YES;
				GCC_WARN_ABOUT_RETURN_TYPE = YES_ERROR;
				GCC_WARN_UNDECLARED_SELECTOR = YES;
				GCC_WARN_UNINITIALIZED_AUTOS = YES_AGGRESSIVE;
				GCC_WARN_UNUSED_FUNCTION = YES;
				GCC_WARN_UNUSED_VARIABLE = YES;
				IPHONEOS_DEPLOYMENT_TARGET = 13.2;
				MTL_ENABLE_DEBUG_INFO = INCLUDE_SOURCE;
				MTL_FAST_MATH = YES;
				ONLY_ACTIVE_ARCH = YES;
				SDKROOT = iphoneos;
				SWIFT_ACTIVE_COMPILATION_CONDITIONS = DEBUG;
				SWIFT_OPTIMIZATION_LEVEL = "-Onone";
			};
			name = Debug;
		};
		80DFE7FD23FBBA3500CA98F3 /* Release */ = {
			isa = XCBuildConfiguration;
			buildSettings = {
				ALWAYS_SEARCH_USER_PATHS = NO;
				CLANG_ANALYZER_NONNULL = YES;
				CLANG_ANALYZER_NUMBER_OBJECT_CONVERSION = YES_AGGRESSIVE;
				CLANG_CXX_LANGUAGE_STANDARD = "gnu++14";
				CLANG_CXX_LIBRARY = "libc++";
				CLANG_ENABLE_MODULES = YES;
				CLANG_ENABLE_OBJC_ARC = YES;
				CLANG_ENABLE_OBJC_WEAK = YES;
				CLANG_WARN_BLOCK_CAPTURE_AUTORELEASING = YES;
				CLANG_WARN_BOOL_CONVERSION = YES;
				CLANG_WARN_COMMA = YES;
				CLANG_WARN_CONSTANT_CONVERSION = YES;
				CLANG_WARN_DEPRECATED_OBJC_IMPLEMENTATIONS = YES;
				CLANG_WARN_DIRECT_OBJC_ISA_USAGE = YES_ERROR;
				CLANG_WARN_DOCUMENTATION_COMMENTS = YES;
				CLANG_WARN_EMPTY_BODY = YES;
				CLANG_WARN_ENUM_CONVERSION = YES;
				CLANG_WARN_INFINITE_RECURSION = YES;
				CLANG_WARN_INT_CONVERSION = YES;
				CLANG_WARN_NON_LITERAL_NULL_CONVERSION = YES;
				CLANG_WARN_OBJC_IMPLICIT_RETAIN_SELF = YES;
				CLANG_WARN_OBJC_LITERAL_CONVERSION = YES;
				CLANG_WARN_OBJC_ROOT_CLASS = YES_ERROR;
				CLANG_WARN_RANGE_LOOP_ANALYSIS = YES;
				CLANG_WARN_STRICT_PROTOTYPES = YES;
				CLANG_WARN_SUSPICIOUS_MOVE = YES;
				CLANG_WARN_UNGUARDED_AVAILABILITY = YES_AGGRESSIVE;
				CLANG_WARN_UNREACHABLE_CODE = YES;
				CLANG_WARN__DUPLICATE_METHOD_MATCH = YES;
				COPY_PHASE_STRIP = NO;
				DEBUG_INFORMATION_FORMAT = "dwarf-with-dsym";
				ENABLE_NS_ASSERTIONS = NO;
				ENABLE_STRICT_OBJC_MSGSEND = YES;
				GCC_C_LANGUAGE_STANDARD = gnu11;
				GCC_NO_COMMON_BLOCKS = YES;
				GCC_WARN_64_TO_32_BIT_CONVERSION = YES;
				GCC_WARN_ABOUT_RETURN_TYPE = YES_ERROR;
				GCC_WARN_UNDECLARED_SELECTOR = YES;
				GCC_WARN_UNINITIALIZED_AUTOS = YES_AGGRESSIVE;
				GCC_WARN_UNUSED_FUNCTION = YES;
				GCC_WARN_UNUSED_VARIABLE = YES;
				IPHONEOS_DEPLOYMENT_TARGET = 13.2;
				MTL_ENABLE_DEBUG_INFO = NO;
				MTL_FAST_MATH = YES;
				SDKROOT = iphoneos;
				SWIFT_COMPILATION_MODE = wholemodule;
				SWIFT_OPTIMIZATION_LEVEL = "-O";
				VALIDATE_PRODUCT = YES;
			};
			name = Release;
		};
		80DFE7FF23FBBA3500CA98F3 /* Debug */ = {
			isa = XCBuildConfiguration;
			buildSettings = {
				ASSETCATALOG_COMPILER_APPICON_NAME = AppIcon;
				CODE_SIGN_STYLE = Automatic;
				DEVELOPMENT_TEAM = T5DY39F2BR;
				INFOPLIST_FILE = SportsTask_iOS_Sdk_Demo/Info.plist;
				LD_RUNPATH_SEARCH_PATHS = (
					"$(inherited)",
					"@executable_path/Frameworks",
				);
				PRODUCT_BUNDLE_IDENTIFIER = "com.Krishnais.iOSSDK.SportsTask-iOS-Sdk-Demo";
				PRODUCT_NAME = "$(TARGET_NAME)";
				SWIFT_VERSION = 5.0;
				TARGETED_DEVICE_FAMILY = "1,2";
			};
			name = Debug;
		};
		80DFE80023FBBA3500CA98F3 /* Release */ = {
			isa = XCBuildConfiguration;
			buildSettings = {
				ASSETCATALOG_COMPILER_APPICON_NAME = AppIcon;
				CODE_SIGN_STYLE = Automatic;
				DEVELOPMENT_TEAM = T5DY39F2BR;
				INFOPLIST_FILE = SportsTask_iOS_Sdk_Demo/Info.plist;
				LD_RUNPATH_SEARCH_PATHS = (
					"$(inherited)",
					"@executable_path/Frameworks",
				);
				PRODUCT_BUNDLE_IDENTIFIER = "com.Krishnais.iOSSDK.SportsTask-iOS-Sdk-Demo";
				PRODUCT_NAME = "$(TARGET_NAME)";
				SWIFT_VERSION = 5.0;
				TARGETED_DEVICE_FAMILY = "1,2";
			};
			name = Release;
		};
/* End XCBuildConfiguration section */

/* Begin XCConfigurationList section */
		80DFE7E523FBBA3300CA98F3 /* Build configuration list for PBXProject "SportsTask_iOS_Sdk_Demo" */ = {
			isa = XCConfigurationList;
			buildConfigurations = (
				80DFE7FC23FBBA3500CA98F3 /* Debug */,
				80DFE7FD23FBBA3500CA98F3 /* Release */,
			);
			defaultConfigurationIsVisible = 0;
			defaultConfigurationName = Release;
		};
		80DFE7FE23FBBA3500CA98F3 /* Build configuration list for PBXNativeTarget "SportsTask_iOS_Sdk_Demo" */ = {
			isa = XCConfigurationList;
			buildConfigurations = (
				80DFE7FF23FBBA3500CA98F3 /* Debug */,
				80DFE80023FBBA3500CA98F3 /* Release */,
			);
			defaultConfigurationIsVisible = 0;
			defaultConfigurationName = Release;
		};
/* End XCConfigurationList section */
	};
	rootObject = 80DFE7E223FBBA3300CA98F3 /* Project object */;
}
